hash: d1c4b55a6c3d4d7a4e0c1d2a5f6415031c53127b02c3213a1ad50186565f1275
updated: 2017-04-18T12:24:38.884498663+09:00
imports:
- name: github.com/sergi/go-diff
  version: feef008d51ad2b3778f85d387ccf91735543008d
  subpackages:
  - diffmatchpatch
- name: github.com/src-d/gcfg
  version: f187355171c936ac84a82793659ebb4936bc1c23
  subpackages:
  - scanner
  - token
  - types
- name: github.com/urfave/cli
  version: 0bdeddeeb0f650497d603c4ad7b20cfe685682f6
- name: golang.org/x/crypto
  version: efac7f277b17c19894091e358c6130cb6bd51117
  subpackages:
  - curve25519
  - ed25519
  - ed25519/internal/edwards25519
  - ssh
  - ssh/agent
- name: gopkg.in/src-d/go-billy.v2
  version: 0f02306b1aa8fe9ed04feb409ceffedc568fa2a4
  subpackages:
  - osfs
- name: gopkg.in/src-d/go-git.v4
  version: 36c78b9d1b1eea682703fb1cbb0f4f3144354389
  subpackages:
  - config
  - internal/revision
  - plumbing
  - plumbing/cache
  - plumbing/filemode
  - plumbing/format/config
  - plumbing/format/idxfile
  - plumbing/format/index
  - plumbing/format/objfile
  - plumbing/format/packfile
  - plumbing/format/pktline
  - plumbing/object
  - plumbing/protocol/packp
  - plumbing/protocol/packp/capability
  - plumbing/protocol/packp/sideband
  - plumbing/revlist
  - plumbing/storer
  - plumbing/transport
  - plumbing/transport/client
  - plumbing/transport/file
  - plumbing/transport/git
  - plumbing/transport/http
  - plumbing/transport/internal/common
  - plumbing/transport/server
  - plumbing/transport/ssh
  - storage
  - storage/filesystem
  - storage/filesystem/internal/dotgit
  - storage/memory
  - utils/binary
  - utils/diff
  - utils/ioutil
  - utils/merkletrie
  - utils/merkletrie/internal/frame
  - utils/merkletrie/noder
- name: gopkg.in/warnings.v0
  version: 8a331561fe74dadba6edfc59f3be66c22c3b065d
testImports: []
