hash: 8c050e6edd3cce5313ee929ba34c30e88db6dcac28625416975e074f0be50e08
updated: 2017-04-17T23:53:24.144796594+09:00
imports:
- name: github.com/sergi/go-diff
  version: feef008d51ad2b3778f85d387ccf91735543008d
  subpackages:
  - diffmatchpatch
- name: github.com/src-d/gcfg
  version: f187355171c936ac84a82793659ebb4936bc1c23
  subpackages:
  - scanner
  - token
  - types
- name: github.com/urfave/cli
  version: 8ba6f23b6e36d03666a14bd9421f5e3efcb59aca
- name: golang.org/x/crypto
  version: cbc3d0884eac986df6e78a039b8792e869bff863
  subpackages:
  - curve25519
  - ed25519
  - ed25519/internal/edwards25519
  - ssh
  - ssh/agent
- name: gopkg.in/src-d/go-billy.v2
  version: 0661b96fbe0d3d820b4bfc51c95ae981560b5553
  subpackages:
  - osfs
- name: gopkg.in/src-d/go-git.v4
  version: 36c78b9d1b1eea682703fb1cbb0f4f3144354389
  subpackages:
  - config
  - internal/revision
  - plumbing
  - plumbing/cache
  - plumbing/filemode
  - plumbing/format/config
  - plumbing/format/idxfile
  - plumbing/format/index
  - plumbing/format/objfile
  - plumbing/format/packfile
  - plumbing/format/pktline
  - plumbing/object
  - plumbing/protocol/packp
  - plumbing/protocol/packp/capability
  - plumbing/protocol/packp/sideband
  - plumbing/revlist
  - plumbing/storer
  - plumbing/transport
  - plumbing/transport/client
  - plumbing/transport/file
  - plumbing/transport/git
  - plumbing/transport/http
  - plumbing/transport/internal/common
  - plumbing/transport/server
  - plumbing/transport/ssh
  - storage
  - storage/filesystem
  - storage/filesystem/internal/dotgit
  - storage/memory
  - utils/binary
  - utils/diff
  - utils/ioutil
  - utils/merkletrie
  - utils/merkletrie/internal/frame
  - utils/merkletrie/noder
- name: gopkg.in/warnings.v0
  version: 8a331561fe74dadba6edfc59f3be66c22c3b065d
testImports: []
